<?xml version="1.0" encoding="utf-8"?>
<Project ToolsVersion="4.0" xmlns="http://schemas.microsoft.com/developer/msbuild/2003">
  <ItemGroup>
    <Filter Include="Pliki źródłowe">
      <UniqueIdentifier>{4FC737F1-C7A5-4376-A066-2A32D752A2FF}</UniqueIdentifier>
      <Extensions>cpp;c;cc;cxx;c++;cppm;ixx;def;odl;idl;hpj;bat;asm;asmx</Extensions>
    </Filter>
    <Filter Include="Pliki nagłówkowe">
      <UniqueIdentifier>{93995380-89BD-4b04-88EB-625FBE52EBFB}</UniqueIdentifier>
      <Extensions>h;hh;hpp;hxx;h++;hm;inl;inc;ipp;xsd</Extensions>
    </Filter>
    <Filter Include="Pliki zasobów">
      <UniqueIdentifier>{67DA6AB6-F800-4c08-8B7A-83BB121AAD01}</UniqueIdentifier>
      <Extensions>rc;ico;cur;bmp;dlg;rc2;rct;bin;rgs;gif;jpg;jpeg;jpe;resx;tiff;tif;png;wav;mfcribbon-ms</Extensions>
    </Filter>
    <Filter Include="Pliki zasobów\textures">
      <UniqueIdentifier>{4c97f8be-aea0-4114-b780-c3a894db2f61}</UniqueIdentifier>
    </Filter>
    <Filter Include="Pliki zasobów\sounds">
      <UniqueIdentifier>{d84c0a45-04a3-4eda-a90f-912780108f17}</UniqueIdentifier>
    </Filter>
    <Filter Include="Pliki zasobów\data">
      <UniqueIdentifier>{f0ac4671-7c2b-4107-98ed-c83b3d068640}</UniqueIdentifier>
    </Filter>
    <Filter Include="Pliki zasobów\font">
      <UniqueIdentifier>{bfb2a0bb-f018-42ff-ac07-78ea284c98fa}</UniqueIdentifier>
    </Filter>
    <Filter Include="Pliki zasobów\icon">
      <UniqueIdentifier>{365d7c59-6e88-49ad-adfb-19c807d6b37d}</UniqueIdentifier>
    </Filter>
    <Filter Include="Pliki zasobów\patterns">
      <UniqueIdentifier>{0a0937ca-96e6-4cb0-b3d3-2b1a4b5d387d}</UniqueIdentifier>
    </Filter>
    <Filter Include="Pliki zasobów\results">
      <UniqueIdentifier>{fa694009-524b-4f8a-a223-a8b94765c286}</UniqueIdentifier>
    </Filter>
    <Filter Include="Pliki zasobów\sound">
      <UniqueIdentifier>{21a77d7d-f64a-46f3-81cb-1f2693e64517}</UniqueIdentifier>
    </Filter>
    <Filter Include="Pliki zasobów\tiles">
      <UniqueIdentifier>{37ed0f22-14a5-4a4a-a58c-e0944f2d0488}</UniqueIdentifier>
    </Filter>
  </ItemGroup>
  <ItemGroup>
    <ClCompile Include="main.cpp">
      <Filter>Pliki źródłowe</Filter>
    </ClCompile>
    <ClCompile Include="Engine.cpp">
      <Filter>Pliki źródłowe</Filter>
    </ClCompile>
    <ClCompile Include="myException.cpp">
      <Filter>Pliki źródłowe</Filter>
    </ClCompile>
    <ClCompile Include="Achievements.cpp">
      <Filter>Pliki źródłowe</Filter>
    </ClCompile>
    <ClCompile Include="Subject.cpp">
      <Filter>Pliki źródłowe</Filter>
    </ClCompile>
    <ClCompile Include="fileSystem.cpp">
      <Filter>Pliki źródłowe</Filter>
    </ClCompile>
    <ClCompile Include="Tile.cpp">
      <Filter>Pliki źródłowe</Filter>
    </ClCompile>
    <ClCompile Include="Game.cpp">
      <Filter>Pliki źródłowe</Filter>
    </ClCompile>
    <ClCompile Include="Board.cpp">
      <Filter>Pliki źródłowe</Filter>
    </ClCompile>
    <ClCompile Include="Button.cpp">
      <Filter>Pliki źródłowe</Filter>
    </ClCompile>
    <ClCompile Include="Mouse.cpp">
      <Filter>Pliki źródłowe</Filter>
    </ClCompile>
    <ClCompile Include="timeSystem.cpp">
      <Filter>Pliki źródłowe</Filter>
    </ClCompile>
    <ClCompile Include="Enum.cpp">
      <Filter>Pliki źródłowe</Filter>
    </ClCompile>
  </ItemGroup>
  <ItemGroup>
    <ClInclude Include="Engine.h">
      <Filter>Pliki nagłówkowe</Filter>
    </ClInclude>
    <ClInclude Include="structures.h">
      <Filter>Pliki nagłówkowe</Filter>
    </ClInclude>
    <ClInclude Include="myException.h">
      <Filter>Pliki nagłówkowe</Filter>
    </ClInclude>
    <ClInclude Include="Game.h">
      <Filter>Pliki nagłówkowe</Filter>
    </ClInclude>
    <ClInclude Include="fileSystem.h">
      <Filter>Pliki nagłówkowe</Filter>
    </ClInclude>
    <ClInclude Include="timeSystem.h">
      <Filter>Pliki nagłówkowe</Filter>
    </ClInclude>
    <ClInclude Include="Board.h">
      <Filter>Pliki nagłówkowe</Filter>
    </ClInclude>
    <ClInclude Include="Observer.h">
      <Filter>Pliki nagłówkowe</Filter>
    </ClInclude>
    <ClInclude Include="Enum.h">
      <Filter>Pliki nagłówkowe</Filter>
    </ClInclude>
    <ClInclude Include="Subject.h">
      <Filter>Pliki nagłówkowe</Filter>
    </ClInclude>
    <ClInclude Include="Achievements.h">
      <Filter>Pliki nagłówkowe</Filter>
    </ClInclude>
    <ClInclude Include="Tile.h">
      <Filter>Pliki nagłówkowe</Filter>
    </ClInclude>
    <ClInclude Include="Button.h">
      <Filter>Pliki nagłówkowe</Filter>
    </ClInclude>
    <ClInclude Include="Mouse.h">
      <Filter>Pliki nagłówkowe</Filter>
    </ClInclude>
  </ItemGroup>
  <ItemGroup>
    <Image Include="tiles\a1.png">
      <Filter>Pliki zasobów\textures</Filter>
    </Image>
    <Image Include="tiles\a2.png">
      <Filter>Pliki zasobów\textures</Filter>
    </Image>
    <Image Include="tiles\a3.png">
      <Filter>Pliki zasobów\textures</Filter>
    </Image>
    <Image Include="tiles\a4.png">
      <Filter>Pliki zasobów\textures</Filter>
    </Image>
    <Image Include="tiles\a5.png">
      <Filter>Pliki zasobów\textures</Filter>
    </Image>
    <Image Include="tiles\a6.png">
      <Filter>Pliki zasobów\textures</Filter>
    </Image>
    <Image Include="tiles\a7.png">
      <Filter>Pliki zasobów\textures</Filter>
    </Image>
    <Image Include="tiles\a8.png">
      <Filter>Pliki zasobów\textures</Filter>
    </Image>
    <Image Include="tiles\a9.png">
      <Filter>Pliki zasobów\textures</Filter>
    </Image>
    <Image Include="tiles\b1.png">
      <Filter>Pliki zasobów\textures</Filter>
    </Image>
    <Image Include="tiles\b2.png">
      <Filter>Pliki zasobów\textures</Filter>
    </Image>
    <Image Include="tiles\b3.png">
      <Filter>Pliki zasobów\textures</Filter>
    </Image>
    <Image Include="tiles\b4.png">
      <Filter>Pliki zasobów\textures</Filter>
    </Image>
    <Image Include="tiles\b5.png">
      <Filter>Pliki zasobów\textures</Filter>
    </Image>
    <Image Include="tiles\b6.png">
      <Filter>Pliki zasobów\textures</Filter>
    </Image>
    <Image Include="tiles\b7.png">
      <Filter>Pliki zasobów\textures</Filter>
    </Image>
    <Image Include="tiles\b8.png">
      <Filter>Pliki zasobów\textures</Filter>
    </Image>
    <Image Include="tiles\b9.png">
      <Filter>Pliki zasobów\textures</Filter>
    </Image>
    <Image Include="tiles\c1.png">
      <Filter>Pliki zasobów\textures</Filter>
    </Image>
    <Image Include="tiles\c2.png">
      <Filter>Pliki zasobów\textures</Filter>
    </Image>
    <Image Include="tiles\c3.png">
      <Filter>Pliki zasobów\textures</Filter>
    </Image>
    <Image Include="tiles\c4.png">
      <Filter>Pliki zasobów\textures</Filter>
    </Image>
    <Image Include="tiles\c5.png">
      <Filter>Pliki zasobów\textures</Filter>
    </Image>
    <Image Include="tiles\c6.png">
      <Filter>Pliki zasobów\textures</Filter>
    </Image>
    <Image Include="tiles\c7.png">
      <Filter>Pliki zasobów\textures</Filter>
    </Image>
    <Image Include="tiles\c8.png">
      <Filter>Pliki zasobów\textures</Filter>
    </Image>
    <Image Include="tiles\c9.png">
      <Filter>Pliki zasobów\textures</Filter>
    </Image>
    <Image Include="tiles\d1.png">
      <Filter>Pliki zasobów\textures</Filter>
    </Image>
    <Image Include="tiles\d2.png">
      <Filter>Pliki zasobów\textures</Filter>
    </Image>
    <Image Include="tiles\d3.png">
      <Filter>Pliki zasobów\textures</Filter>
    </Image>
    <Image Include="tiles\f1.png">
      <Filter>Pliki zasobów\textures</Filter>
    </Image>
    <Image Include="tiles\f2.png">
      <Filter>Pliki zasobów\textures</Filter>
    </Image>
    <Image Include="tiles\f3.png">
      <Filter>Pliki zasobów\textures</Filter>
    </Image>
    <Image Include="tiles\f4.png">
      <Filter>Pliki zasobów\textures</Filter>
    </Image>
    <Image Include="tiles\s1.png">
      <Filter>Pliki zasobów\textures</Filter>
    </Image>
    <Image Include="tiles\s2.png">
      <Filter>Pliki zasobów\textures</Filter>
    </Image>
    <Image Include="tiles\s3.png">
      <Filter>Pliki zasobów\textures</Filter>
    </Image>
    <Image Include="tiles\s4.png">
      <Filter>Pliki zasobów\textures</Filter>
    </Image>
    <Image Include="tiles\w1.png">
      <Filter>Pliki zasobów\textures</Filter>
    </Image>
    <Image Include="tiles\w2.png">
      <Filter>Pliki zasobów\textures</Filter>
    </Image>
    <Image Include="tiles\w3.png">
      <Filter>Pliki zasobów\textures</Filter>
    </Image>
    <Image Include="tiles\w4.png">
      <Filter>Pliki zasobów\textures</Filter>
    </Image>
    <Image Include="icon\icon.png">
      <Filter>Pliki zasobów\icon</Filter>
    </Image>
    <Image Include="tiles\bamboo_1.png">
      <Filter>Pliki zasobów\tiles</Filter>
    </Image>
    <Image Include="tiles\bamboo_2.png">
      <Filter>Pliki zasobów\tiles</Filter>
    </Image>
    <Image Include="tiles\bamboo_3.png">
      <Filter>Pliki zasobów\tiles</Filter>
    </Image>
    <Image Include="tiles\bamboo_4.png">
      <Filter>Pliki zasobów\tiles</Filter>
    </Image>
    <Image Include="tiles\bamboo_5.png">
      <Filter>Pliki zasobów\tiles</Filter>
    </Image>
    <Image Include="tiles\bamboo_6.png">
      <Filter>Pliki zasobów\tiles</Filter>
    </Image>
    <Image Include="tiles\bamboo_7.png">
      <Filter>Pliki zasobów\tiles</Filter>
    </Image>
    <Image Include="tiles\bamboo_8.png">
      <Filter>Pliki zasobów\tiles</Filter>
    </Image>
    <Image Include="tiles\bamboo_9.png">
      <Filter>Pliki zasobów\tiles</Filter>
    </Image>
    <Image Include="tiles\default.png">
      <Filter>Pliki zasobów\tiles</Filter>
    </Image>
    <Image Include="tiles\default_alternative.png">
      <Filter>Pliki zasobów\tiles</Filter>
    </Image>
    <Image Include="tiles\dots_1.png">
      <Filter>Pliki zasobów\tiles</Filter>
    </Image>
    <Image Include="tiles\dots_2.png">
      <Filter>Pliki zasobów\tiles</Filter>
    </Image>
    <Image Include="tiles\dots_3.png">
      <Filter>Pliki zasobów\tiles</Filter>
    </Image>
    <Image Include="tiles\dots_4.png">
      <Filter>Pliki zasobów\tiles</Filter>
    </Image>
    <Image Include="tiles\dots_5.png">
      <Filter>Pliki zasobów\tiles</Filter>
    </Image>
    <Image Include="tiles\dots_6.png">
      <Filter>Pliki zasobów\tiles</Filter>
    </Image>
    <Image Include="tiles\dots_7.png">
      <Filter>Pliki zasobów\tiles</Filter>
    </Image>
    <Image Include="tiles\dots_8.png">
      <Filter>Pliki zasobów\tiles</Filter>
    </Image>
    <Image Include="tiles\dots_9.png">
      <Filter>Pliki zasobów\tiles</Filter>
    </Image>
    <Image Include="tiles\help.png">
      <Filter>Pliki zasobów\tiles</Filter>
    </Image>
    <Image Include="tiles\selected.png">
      <Filter>Pliki zasobów\tiles</Filter>
    </Image>
    <Image Include="tiles\sign_black_1.png">
      <Filter>Pliki zasobów\tiles</Filter>
    </Image>
    <Image Include="tiles\sign_black_2.png">
      <Filter>Pliki zasobów\tiles</Filter>
    </Image>
    <Image Include="tiles\sign_black_3.png">
      <Filter>Pliki zasobów\tiles</Filter>
    </Image>
    <Image Include="tiles\sign_black_4.png">
      <Filter>Pliki zasobów\tiles</Filter>
    </Image>
    <Image Include="tiles\sign_gold_1.png">
      <Filter>Pliki zasobów\tiles</Filter>
    </Image>
    <Image Include="tiles\sign_gold_2.png">
      <Filter>Pliki zasobów\tiles</Filter>
    </Image>
    <Image Include="tiles\sign_gold_3.png">
      <Filter>Pliki zasobów\tiles</Filter>
    </Image>
    <Image Include="tiles\sign_gold_4.png">
      <Filter>Pliki zasobów\tiles</Filter>
    </Image>
    <Image Include="tiles\sign_green.png">
      <Filter>Pliki zasobów\tiles</Filter>
    </Image>
    <Image Include="tiles\sign_green_fiz.png">
      <Filter>Pliki zasobów\tiles</Filter>
    </Image>
    <Image Include="tiles\sign_rectangle.png">
      <Filter>Pliki zasobów\tiles</Filter>
    </Image>
    <Image Include="tiles\sign_red_1.png">
      <Filter>Pliki zasobów\tiles</Filter>
    </Image>
    <Image Include="tiles\sign_red_2.png">
      <Filter>Pliki zasobów\tiles</Filter>
    </Image>
    <Image Include="tiles\sign_red_3.png">
      <Filter>Pliki zasobów\tiles</Filter>
    </Image>
    <Image Include="tiles\sign_red_4.png">
      <Filter>Pliki zasobów\tiles</Filter>
    </Image>
    <Image Include="tiles\sign_red_5.png">
      <Filter>Pliki zasobów\tiles</Filter>
    </Image>
    <Image Include="tiles\signs_1.png">
      <Filter>Pliki zasobów\tiles</Filter>
    </Image>
    <Image Include="tiles\signs_2.png">
      <Filter>Pliki zasobów\tiles</Filter>
    </Image>
    <Image Include="tiles\signs_3.png">
      <Filter>Pliki zasobów\tiles</Filter>
    </Image>
    <Image Include="tiles\signs_4.png">
      <Filter>Pliki zasobów\tiles</Filter>
    </Image>
    <Image Include="tiles\signs_5.png">
      <Filter>Pliki zasobów\tiles</Filter>
    </Image>
    <Image Include="tiles\signs_6.png">
      <Filter>Pliki zasobów\tiles</Filter>
    </Image>
    <Image Include="tiles\signs_7.png">
      <Filter>Pliki zasobów\tiles</Filter>
    </Image>
    <Image Include="tiles\signs_8.png">
      <Filter>Pliki zasobów\tiles</Filter>
    </Image>
    <Image Include="tiles\signs_9.png">
      <Filter>Pliki zasobów\tiles</Filter>
    </Image>
  </ItemGroup>
  <ItemGroup>
    <Text Include="data\achievements.txt">
      <Filter>Pliki zasobów\data</Filter>
    </Text>
    <Text Include="data\config.txt">
      <Filter>Pliki zasobów\data</Filter>
    </Text>
    <Text Include="data\font_path.txt">
      <Filter>Pliki zasobów\data</Filter>
    </Text>
    <Text Include="data\icon_path.txt">
      <Filter>Pliki zasobów\data</Filter>
    </Text>
    <Text Include="data\pattern_path.txt">
      <Filter>Pliki zasobów\data</Filter>
    </Text>
    <Text Include="data\sound_paths.txt">
      <Filter>Pliki zasobów\data</Filter>
    </Text>
    <Text Include="data\textures_paths.txt">
      <Filter>Pliki zasobów\data</Filter>
    </Text>
    <Text Include="data\time.txt">
      <Filter>Pliki zasobów\data</Filter>
    </Text>
    <Text Include="patterns\kurnik_pattern.txt">
      <Filter>Pliki zasobów\patterns</Filter>
    </Text>
    <Text Include="patterns\alternative_pattern.txt">
      <Filter>Pliki zasobów\patterns</Filter>
    </Text>
    <Text Include="patterns\basic_pattern.txt">
      <Filter>Pliki zasobów\patterns</Filter>
    </Text>
    <Text Include="patterns\test_pattern.txt">
      <Filter>Pliki zasobów\patterns</Filter>
    </Text>
  </ItemGroup>
  <ItemGroup>
    <None Include="ClassDiagram.cd" />
    <None Include="..\VisualStudioSDL\lib\x64\libFLAC-8.dll">
      <Filter>Pliki zasobów</Filter>
    </None>
    <None Include="..\VisualStudioSDL\lib\x64\libfreetype-6.dll">
      <Filter>Pliki zasobów</Filter>
    </None>
    <None Include="..\VisualStudioSDL\lib\x64\libjpeg-9.dll">
      <Filter>Pliki zasobów</Filter>
    </None>
    <None Include="..\VisualStudioSDL\lib\x64\libmodplug-1.dll">
      <Filter>Pliki zasobów</Filter>
    </None>
    <None Include="..\VisualStudioSDL\lib\x64\libmpg123-0.dll">
      <Filter>Pliki zasobów</Filter>
    </None>
    <None Include="..\VisualStudioSDL\lib\x64\libogg-0.dll">
      <Filter>Pliki zasobów</Filter>
    </None>
    <None Include="..\VisualStudioSDL\lib\x64\libopus-0.dll">
      <Filter>Pliki zasobów</Filter>
    </None>
    <None Include="..\VisualStudioSDL\lib\x64\libopusfile-0.dll">
      <Filter>Pliki zasobów</Filter>
    </None>
    <None Include="..\VisualStudioSDL\lib\x64\libpng16-16.dll">
      <Filter>Pliki zasobów</Filter>
    </None>
    <None Include="..\VisualStudioSDL\lib\x64\libtiff-5.dll">
      <Filter>Pliki zasobów</Filter>
    </None>
    <None Include="..\VisualStudioSDL\lib\x64\libvorbis-0.dll">
      <Filter>Pliki zasobów</Filter>
    </None>
    <None Include="..\VisualStudioSDL\lib\x64\libvorbisfile-3.dll">
      <Filter>Pliki zasobów</Filter>
    </None>
    <None Include="..\VisualStudioSDL\lib\x64\libwebp-7.dll">
      <Filter>Pliki zasobów</Filter>
    </None>
    <None Include="..\VisualStudioSDL\lib\x64\SDL2.dll">
      <Filter>Pliki zasobów</Filter>
    </None>
    <None Include="..\VisualStudioSDL\lib\x64\SDL2_image.dll">
      <Filter>Pliki zasobów</Filter>
    </None>
    <None Include="..\VisualStudioSDL\lib\x64\SDL2_mixer.dll">
      <Filter>Pliki zasobów</Filter>
    </None>
    <None Include="..\VisualStudioSDL\lib\x64\SDL2_ttf.dll">
      <Filter>Pliki zasobów</Filter>
    </None>
    <None Include="..\VisualStudioSDL\lib\x64\zlib1.dll">
      <Filter>Pliki zasobów</Filter>
    </None>
    <None Include="results\04-2021.csv">
      <Filter>Pliki zasobów\results</Filter>
    </None>
    <None Include="results\04-2022.csv">
      <Filter>Pliki zasobów\results</Filter>
    </None>
    <None Include="results\05-2021.csv">
      <Filter>Pliki zasobów\results</Filter>
    </None>
    <None Include="results\09-2021.csv">
      <Filter>Pliki zasobów\results</Filter>
    </None>
    <None Include="tiles\license.md">
      <Filter>Pliki zasobów\tiles</Filter>
    </None>
  </ItemGroup>
  <ItemGroup>
    <Font Include="font\Merienda-Regular.ttf">
      <Filter>Pliki zasobów\font</Filter>
    </Font>
    <Font Include="font\Quintessential-Regular.ttf">
      <Filter>Pliki zasobów\font</Filter>
    </Font>
  </ItemGroup>
  <ItemGroup>
    <Media Include="sound\button.wav">
      <Filter>Pliki zasobów\sound</Filter>
    </Media>
  </ItemGroup>
</Project>